# This file is autogenerated, do not edit; changes may be undone by the next 'dep ensure'.


[[projects]]
  digest = "1:e2e5b9f8ce0255f104b96c357c6c54652f1c74a7ef45d768faf0727f900aa60c"
  name = "github.com/actgardner/gogen-avro"
  packages = [
    "compiler",
    "container",
    "container/avro",
    "generator",
    "schema",
    "vm",
    "vm/types",
  ]
  pruneopts = "UT"
  revision = "47d348355fa7ee8fc01c6a59290ae7c66f98b18d"
  version = "v6.1.0"

[[projects]]
  branch = "master"
  digest = "1:e4f5819333ac698d294fe04dbf640f84719658d5c7ce195b10060cc37292ce79"
  name = "github.com/golang/snappy"
  packages = ["."]
  pruneopts = "UT"
  revision = "2a8bb927dd31d8daada140a5d09578521ce5c36a"

[[projects]]
  digest = "1:54d9c09212e648dc397a62a5f898c9536f8c63322850d4f1905f285fceebec24"
  name = "github.com/segmentio/kafka-go"
  packages = [
    ".",
    "sasl",
  ]
  pruneopts = "UT"
  revision = "59f58f09c9d478be8062bbafc95265c199280b24"
  version = "v0.3.0"

[solve-meta]
  analyzer-name = "dep"
  analyzer-version = 1
  input-imports = [
    "github.com/actgardner/gogen-avro/compiler",
    "github.com/actgardner/gogen-avro/container",
    "github.com/actgardner/gogen-avro/vm",
    "github.com/actgardner/gogen-avro/vm/types",
    "github.com/segmentio/kafka-go",
  ]
  solver-name = "gps-cdcl"
  solver-version = 1
